
Microsoft Visual Studio Solution File, Format Version 12.00
# Visual Studio Version 16
VisualStudioVersion = 16.0.29728.190
MinimumVisualStudioVersion = 10.0.40219.1
Project("{FAE04EC0-301F-11D3-BF4B-00C04F79EFBC}") = "DHQuestEditor", "DHQuestEditor\DHQuestEditor.csproj", "{71231F53-1B0F-4750-A11D-6C8C5081274A}"
EndProject
Global
	GlobalSection(SolutionConfigurationPlatforms) = preSolution
		Debug|Any CPU = Debug|Any CPU
		Release|Any CPU = Release|Any CPU
	EndGlobalSection
	GlobalSection(ProjectConfigurationPlatforms) = postSolution
		{71231F53-1B0F-4750-A11D-6C8C5081274A}.Debug|Any CPU.ActiveCfg = Debug|Any CPU
		{71231F53-1B0F-4750-A11D-6C8C5081274A}.Debug|Any CPU.Build.0 = Debug|Any CPU
		{71231F53-1B0F-4750-A11D-6C8C5081274A}.Release|Any CPU.ActiveCfg = Release|Any CPU
		{71231F53-1B0F-4750-A11D-6C8C5081274A}.Release|Any CPU.Build.0 = Release|Any CPU
	EndGlobalSection
	GlobalSection(SolutionProperties) = preSolution
		HideSolutionNode = FALSE
	EndGlobalSection
	GlobalSection(ExtensibilityGlobals) = postSolution
		SolutionGuid = {00B491CB-06DF-4CDC-91AD-67647458AE24}
	EndGlobalSection
EndGlobal
